PODS:
  - APButton (6.0.1)
  - APExtensions (13.0.0):
    - APExtensions/Core (= 13.0.0)
    - APExtensions/Storyboard (= 13.0.0)
    - APExtensions/ViewModel (= 13.0.0)
  - APExtensions/Core (13.0.0):
    - RoutableLogger
  - APExtensions/Storyboard (13.0.0):
    - RoutableLogger
  - APExtensions/ViewModel (13.0.0)
  - RoutableLogger (12.3.3)

DEPENDENCIES:
  - APButton (from `../`)
  - APExtensions (from `https://github.com/APUtils/APExtensions`)

SPEC REPOS:
  trunk:
    - RoutableLogger

EXTERNAL SOURCES:
  APButton:
    :path: "../"
  APExtensions:
    :git: https://github.com/APUtils/APExtensions

CHECKOUT OPTIONS:
  APExtensions:
    :commit: 0df8fec0573d0e1d1f7e58ead82fbe77f327475d
    :git: https://github.com/APUtils/APExtensions

SPEC CHECKSUMS:
  APButton: 906b505e8a53df1f9ef989ed8b48ee616b6d61e7
  APExtensions: 4e17c50e62683a4ef4090a515615bc6b9edb13b6
  RoutableLogger: ff5425f9ec26ec79241a591a1ed16a7a69d70b2f

PODFILE CHECKSUM: 298b15813291305a681e56ac2076463310d27a6a

COCOAPODS: 1.12.1
