PODS:
  - APButton (6.0.0)
  - APExtensions (10.0.0):
    - APExtensions/Core (= 10.0.0)
    - APExtensions/Storyboard (= 10.0.0)
    - APExtensions/ViewConfiguration (= 10.0.0)
  - APExtensions/Core (10.0.0):
    - LogsManager/RoutableLogger (>= 9.1.5)
  - APExtensions/Storyboard (10.0.0)
  - APExtensions/ViewConfiguration (10.0.0)
  - LogsManager/RoutableLogger (9.1.5)

DEPENDENCIES:
  - APButton (from `../`)
  - APExtensions (from `https://github.com/APUtils/APExtensions`)

SPEC REPOS:
  trunk:
    - LogsManager

EXTERNAL SOURCES:
  APButton:
    :path: "../"
  APExtensions:
    :git: https://github.com/APUtils/APExtensions

CHECKOUT OPTIONS:
  APExtensions:
    :commit: ae784925e948a39dbc9d521e538a32bef9544936
    :git: https://github.com/APUtils/APExtensions

SPEC CHECKSUMS:
  APButton: 4eb4db7b8e78d1795f4a11dfbbd2752b55cbb249
  APExtensions: b46cab78fe5d291e1157838fd78962a886e627df
  LogsManager: e821cea87e608e96cf39a68009d830579098a2cb

PODFILE CHECKSUM: ad8ef343270a7748f448e7dec12ae497539fe099

COCOAPODS: 1.10.1
